// !$*UTF8*$!
{
	archiveVersion = 1;
	classes = {
	};
	objectVersion = 46;
	objects = {

/* Begin PBXBuildFile section */
		1888225E1CFCBC1B00F2D0A7 /* AppDelegate.swift in Sources */ = {isa = PBXBuildFile; fileRef = 1888225D1CFCBC1B00F2D0A7 /* AppDelegate.swift */; };
		188822601CFCBC1B00F2D0A7 /* TypeViewController.swift in Sources */ = {isa = PBXBuildFile; fileRef = 1888225F1CFCBC1B00F2D0A7 /* TypeViewController.swift */; };
		188822631CFCBC1B00F2D0A7 /* Main.storyboard in Resources */ = {isa = PBXBuildFile; fileRef = 188822611CFCBC1B00F2D0A7 /* Main.storyboard */; };
		188822651CFCBC1B00F2D0A7 /* Assets.xcassets in Resources */ = {isa = PBXBuildFile; fileRef = 188822641CFCBC1B00F2D0A7 /* Assets.xcassets */; };
		188822681CFCBC1B00F2D0A7 /* LaunchScreen.storyboard in Resources */ = {isa = PBXBuildFile; fileRef = 188822661CFCBC1B00F2D0A7 /* LaunchScreen.storyboard */; };
/* End PBXBuildFile section */

/* Begin PBXFileReference section */
		1888225A1CFCBC1B00F2D0A7 /* typeChallenge.app */ = {isa = PBXFileReference; explicitFileType = wrapper.application; includeInIndex = 0; path = typeChallenge.app; sourceTree = BUILT_PRODUCTS_DIR; };
		1888225D1CFCBC1B00F2D0A7 /* AppDelegate.swift */ = {isa = PBXFileReference; lastKnownFileType = sourcecode.swift; path = AppDelegate.swift; sourceTree = "<group>"; };
		1888225F1CFCBC1B00F2D0A7 /* TypeViewController.swift */ = {isa = PBXFileReference; lastKnownFileType = sourcecode.swift; path = TypeViewController.swift; sourceTree = "<group>"; };
		188822621CFCBC1B00F2D0A7 /* Base */ = {isa = PBXFileReference; lastKnownFileType = file.storyboard; name = Base; path = Base.lproj/Main.storyboard; sourceTree = "<group>"; };
		188822641CFCBC1B00F2D0A7 /* Assets.xcassets */ = {isa = PBXFileReference; lastKnownFileType = folder.assetcatalog; path = Assets.xcassets; sourceTree = "<group>"; };
		188822671CFCBC1B00F2D0A7 /* Base */ = {isa = PBXFileReference; lastKnownFileType = file.storyboard; name = Base; path = Base.lproj/LaunchScreen.storyboard; sourceTree = "<group>"; };
		188822691CFCBC1B00F2D0A7 /* Info.plist */ = {isa = PBXFileReference; lastKnownFileType = text.plist.xml; path = Info.plist; sourceTree = "<group>"; };
/* End PBXFileReference section */

/* Begin PBXFrameworksBuildPhase section */
		188822571CFCBC1B00F2D0A7 /* Frameworks */ = {
			isa = PBXFrameworksBuildPhase;
			buildActionMask = 2147483647;
			files = (
			);
			runOnlyForDeploymentPostprocessing = 0;
		};
/* End PBXFrameworksBuildPhase section */

/* Begin PBXGroup section */
		188822511CFCBC1B00F2D0A7 = {
			isa = PBXGroup;
			children = (
				1888225C1CFCBC1B00F2D0A7 /* typeChallenge */,
				1888225B1CFCBC1B00F2D0A7 /* Products */,
			);
			sourceTree = "<group>";
		};
		1888225B1CFCBC1B00F2D0A7 /* Products */ = {
			isa = PBXGroup;
			children = (
				1888225A1CFCBC1B00F2D0A7 /* typeChallenge.app */,
			);
			name = Products;
			sourceTree = "<group>";
		};
		1888225C1CFCBC1B00F2D0A7 /* typeChallenge */ = {
			isa = PBXGroup;
			children = (
				1888225D1CFCBC1B00F2D0A7 /* AppDelegate.swift */,
				1888225F1CFCBC1B00F2D0A7 /* TypeViewController.swift */,
				188822611CFCBC1B00F2D0A7 /* Main.storyboard */,
				188822641CFCBC1B00F2D0A7 /* Assets.xcassets */,
				188822661CFCBC1B00F2D0A7 /* LaunchScreen.storyboard */,
				188822691CFCBC1B00F2D0A7 /* Info.plist */,
			);
			path = typeChallenge;
			sourceTree = "<group>";
		};
/* End PBXGroup section */

/* Begin PBXNativeTarget section */
		188822591CFCBC1B00F2D0A7 /* typeChallenge */ = {
			isa = PBXNativeTarget;
			buildConfigurationList = 1888226C1CFCBC1B00F2D0A7 /* Build configuration list for PBXNativeTarget "typeChallenge" */;
			buildPhases = (
				188822561CFCBC1B00F2D0A7 /* Sources */,
				188822571CFCBC1B00F2D0A7 /* Frameworks */,
				188822581CFCBC1B00F2D0A7 /* Resources */,
			);
			buildRules = (
			);
			dependencies = (
			);
			name = typeChallenge;
			productName = typeChallenge;
			productReference = 1888225A1CFCBC1B00F2D0A7 /* typeChallenge.app */;
			productType = "com.apple.product-type.application";
		};
/* End PBXNativeTarget section */

/* Begin PBXProject section */
		188822521CFCBC1B00F2D0A7 /* Project object */ = {
			isa = PBXProject;
			attributes = {
				LastSwiftUpdateCheck = 0730;
				LastUpgradeCheck = 0730;
				ORGANIZATIONNAME = Sophie;
				TargetAttributes = {
					188822591CFCBC1B00F2D0A7 = {
						CreatedOnToolsVersion = 7.3.1;
						DevelopmentTeam = GAFP928J6V;
					};
				};
			};
			buildConfigurationList = 188822551CFCBC1B00F2D0A7 /* Build configuration list for PBXProject "typeChallenge" */;
			compatibilityVersion = "Xcode 3.2";
			developmentRegion = English;
			hasScannedForEncodings = 0;
			knownRegions = (
				en,
				Base,
			);
			mainGroup = 188822511CFCBC1B00F2D0A7;
			productRefGroup = 1888225B1CFCBC1B00F2D0A7 /* Products */;
			projectDirPath = "";
			projectRoot = "";
			targets = (
				188822591CFCBC1B00F2D0A7 /* typeChallenge */,
			);
		};
/* End PBXProject section */

/* Begin PBXResourcesBuildPhase section */
		188822581CFCBC1B00F2D0A7 /* Resources */ = {
			isa = PBXResourcesBuildPhase;
			buildActionMask = 2147483647;
			files = (
				188822681CFCBC1B00F2D0A7 /* LaunchScreen.storyboard in Resources */,
				188822651CFCBC1B00F2D0A7 /* Assets.xcassets in Resources */,
				188822631CFCBC1B00F2D0A7 /* Main.storyboard in Resources */,
			);
			runOnlyForDeploymentPostprocessing = 0;
		};
/* End PBXResourcesBuildPhase section */

/* Begin PBXSourcesBuildPhase section */
		188822561CFCBC1B00F2D0A7 /* Sources */ = {
			isa = PBXSourcesBuildPhase;
			buildActionMask = 2147483647;
			files = (
				188822601CFCBC1B00F2D0A7 /* TypeViewController.swift in Sources */,
				1888225E1CFCBC1B00F2D0A7 /* AppDelegate.swift in Sources */,
			);
			runOnlyForDeploymentPostprocessing = 0;
		};
/* End PBXSourcesBuildPhase section */

/* Begin PBXVariantGroup section */
		188822611CFCBC1B00F2D0A7 /* Main.storyboard */ = {
			isa = PBXVariantGroup;
			children = (
				188822621CFCBC1B00F2D0A7 /* Base */,
			);
			name = Main.storyboard;
			sourceTree = "<group>";
		};
		188822661CFCBC1B00F2D0A7 /* LaunchScreen.storyboard */ = {
			isa = PBXVariantGroup;
			children = (
				188822671CFCBC1B00F2D0A7 /* Base */,
			);
			name = LaunchScreen.storyboard;
			sourceTree = "<group>";
		};
/* End PBXVariantGroup section */

/* Begin XCBuildConfiguration section */
		1888226A1CFCBC1B00F2D0A7 /* Debug */ = {
			isa = XCBuildConfiguration;
			buildSettings = {
				ALWAYS_SEARCH_USER_PATHS = NO;
				CLANG_ANALYZER_NONNULL = YES;
				CLANG_CXX_LANGUAGE_STANDARD = "gnu++0x";
				CLANG_CXX_LIBRARY = "libc++";
				CLANG_ENABLE_MODULES = YES;
				CLANG_ENABLE_OBJC_ARC = YES;
				CLANG_WARN_BOOL_CONVERSION = YES;
				CLANG_WARN_CONSTANT_CONVERSION = YES;
				CLANG_WARN_DIRECT_OBJC_ISA_USAGE = YES_ERROR;
				CLANG_WARN_EMPTY_BODY = YES;
				CLANG_WARN_ENUM_CONVERSION = YES;
				CLANG_WARN_INT_CONVERSION = YES;
				CLANG_WARN_OBJC_ROOT_CLASS = YES_ERROR;
				CLANG_WARN_UNREACHABLE_CODE = YES;
				CLANG_WARN__DUPLICATE_METHOD_MATCH = YES;
				"CODE_SIGN_IDENTITY[sdk=iphoneos*]" = "iPhone Developer";
				COPY_PHASE_STRIP = NO;
				DEBUG_INFORMATION_FORMAT = dwarf;
				ENABLE_STRICT_OBJC_MSGSEND = YES;
				ENABLE_TESTABILITY = YES;
				GCC_C_LANGUAGE_STANDARD = gnu99;
				GCC_DYNAMIC_NO_PIC = NO;
				GCC_NO_COMMON_BLOCKS = YES;
				GCC_OPTIMIZATION_LEVEL = 0;
				GCC_PREPROCESSOR_DEFINITIONS = (
					"DEBUG=1",
					"$(inherited)",
				);
				GCC_WARN_64_TO_32_BIT_CONVERSION = YES;
				GCC_WARN_ABOUT_RETURN_TYPE = YES_ERROR;
				GCC_WARN_UNDECLARED_SELECTOR = YES;
				GCC_WARN_UNINITIALIZED_AUTOS = YES_AGGRESSIVE;
				GCC_WARN_UNUSED_FUNCTION = YES;
				GCC_WARN_UNUSED_VARIABLE = YES;
				IPHONEOS_DEPLOYMENT_TARGET = 9.3;
				MTL_ENABLE_DEBUG_INFO = YES;
				ONLY_ACTIVE_ARCH = YES;
				SDKROOT = iphoneos;
				SWIFT_OPTIMIZATION_LEVEL = "-Onone";
			};
			name = Debug;
		};
		1888226B1CFCBC1B00F2D0A7 /* Release */ = {
			isa = XCBuildConfiguration;
			buildSettings = {
				ALWAYS_SEARCH_USER_PATHS = NO;
				CLANG_ANALYZER_NONNULL = YES;
				CLANG_CXX_LANGUAGE_STANDARD = "gnu++0x";
				CLANG_CXX_LIBRARY = "libc++";
				CLANG_ENABLE_MODULES = YES;
				CLANG_ENABLE_OBJC_ARC = YES;
				CLANG_WARN_BOOL_CONVERSION = YES;
				CLANG_WARN_CONSTANT_CONVERSION = YES;
				CLANG_WARN_DIRECT_OBJC_ISA_USAGE = YES_ERROR;
				CLANG_WARN_EMPTY_BODY = YES;
				CLANG_WARN_ENUM_CONVERSION = YES;
				CLANG_WARN_INT_CONVERSION = YES;
				CLANG_WARN_OBJC_ROOT_CLASS = YES_ERROR;
				CLANG_WARN_UNREACHABLE_CODE = YES;
				CLANG_WARN__DUPLICATE_METHOD_MATCH = YES;
				"CODE_SIGN_IDENTITY[sdk=iphoneos*]" = "iPhone Developer";
				COPY_PHASE_STRIP = NO;
				DEBUG_INFORMATION_FORMAT = "dwarf-with-dsym";
				ENABLE_NS_ASSERTIONS = NO;
				ENABLE_STRICT_OBJC_MSGSEND = YES;
				GCC_C_LANGUAGE_STANDARD = gnu99;
				GCC_NO_COMMON_BLOCKS = YES;
				GCC_WARN_64_TO_32_BIT_CONVERSION = YES;
				GCC_WARN_ABOUT_RETURN_TYPE = YES_ERROR;
				GCC_WARN_UNDECLARED_SELECTOR = YES;
				GCC_WARN_UNINITIALIZED_AUTOS = YES_AGGRESSIVE;
				GCC_WARN_UNUSED_FUNCTION = YES;
				GCC_WARN_UNUSED_VARIABLE = YES;
				IPHONEOS_DEPLOYMENT_TARGET = 9.3;
				MTL_ENABLE_DEBUG_INFO = NO;
				SDKROOT = iphoneos;
				VALIDATE_PRODUCT = YES;
			};
			name = Release;
		};
		1888226D1CFCBC1B00F2D0A7 /* Debug */ = {
			isa = XCBuildConfiguration;
			buildSettings = {
				ASSETCATALOG_COMPILER_APPICON_NAME = AppIcon;
				INFOPLIST_FILE = typeChallenge/Info.plist;
				LD_RUNPATH_SEARCH_PATHS = "$(inherited) @executable_path/Frameworks";
				PRODUCT_BUNDLE_IDENTIFIER = uw.edu.typeChallenge;
				PRODUCT_NAME = "$(TARGET_NAME)";
			};
			name = Debug;
		};
		1888226E1CFCBC1B00F2D0A7 /* Release */ = {
			isa = XCBuildConfiguration;
			buildSettings = {
				ASSETCATALOG_COMPILER_APPICON_NAME = AppIcon;
				INFOPLIST_FILE = typeChallenge/Info.plist;
				LD_RUNPATH_SEARCH_PATHS = "$(inherited) @executable_path/Frameworks";
				PRODUCT_BUNDLE_IDENTIFIER = uw.edu.typeChallenge;
				PRODUCT_NAME = "$(TARGET_NAME)";
			};
			name = Release;
		};
/* End XCBuildConfiguration section */

/* Begin XCConfigurationList section */
		188822551CFCBC1B00F2D0A7 /* Build configuration list for PBXProject "typeChallenge" */ = {
			isa = XCConfigurationList;
			buildConfigurations = (
				1888226A1CFCBC1B00F2D0A7 /* Debug */,
				1888226B1CFCBC1B00F2D0A7 /* Release */,
			);
			defaultConfigurationIsVisible = 0;
			defaultConfigurationName = Release;
		};
		1888226C1CFCBC1B00F2D0A7 /* Build configuration list for PBXNativeTarget "typeChallenge" */ = {
			isa = XCConfigurationList;
			buildConfigurations = (
				1888226D1CFCBC1B00F2D0A7 /* Debug */,
				1888226E1CFCBC1B00F2D0A7 /* Release */,
			);
			defaultConfigurationIsVisible = 0;
			defaultConfigurationName = Release;
		};
/* End XCConfigurationList section */
	};
	rootObject = 188822521CFCBC1B00F2D0A7 /* Project object */;
}
