// !$*UTF8*$!
{
	archiveVersion = 1;
	classes = {
	};
	objectVersion = 46;
	objects = {

/* Begin PBXBuildFile section */
		188822401CFCA94300F2D0A7 /* AppDelegate.swift in Sources */ = {isa = PBXBuildFile; fileRef = 1888223F1CFCA94300F2D0A7 /* AppDelegate.swift */; };
		188822421CFCA94300F2D0A7 /* ViewController.swift in Sources */ = {isa = PBXBuildFile; fileRef = 188822411CFCA94300F2D0A7 /* ViewController.swift */; };
		188822451CFCA94300F2D0A7 /* Main.storyboard in Resources */ = {isa = PBXBuildFile; fileRef = 188822431CFCA94300F2D0A7 /* Main.storyboard */; };
		188822471CFCA94300F2D0A7 /* Assets.xcassets in Resources */ = {isa = PBXBuildFile; fileRef = 188822461CFCA94300F2D0A7 /* Assets.xcassets */; };
		1888224A1CFCA94300F2D0A7 /* LaunchScreen.storyboard in Resources */ = {isa = PBXBuildFile; fileRef = 188822481CFCA94300F2D0A7 /* LaunchScreen.storyboard */; };
/* End PBXBuildFile section */

/* Begin PBXFileReference section */
		1888223C1CFCA94300F2D0A7 /* finalProject.app */ = {isa = PBXFileReference; explicitFileType = wrapper.application; includeInIndex = 0; path = finalProject.app; sourceTree = BUILT_PRODUCTS_DIR; };
		1888223F1CFCA94300F2D0A7 /* AppDelegate.swift */ = {isa = PBXFileReference; lastKnownFileType = sourcecode.swift; path = AppDelegate.swift; sourceTree = "<group>"; };
		188822411CFCA94300F2D0A7 /* ViewController.swift */ = {isa = PBXFileReference; lastKnownFileType = sourcecode.swift; path = ViewController.swift; sourceTree = "<group>"; };
		188822441CFCA94300F2D0A7 /* Base */ = {isa = PBXFileReference; lastKnownFileType = file.storyboard; name = Base; path = Base.lproj/Main.storyboard; sourceTree = "<group>"; };
		188822461CFCA94300F2D0A7 /* Assets.xcassets */ = {isa = PBXFileReference; lastKnownFileType = folder.assetcatalog; path = Assets.xcassets; sourceTree = "<group>"; };
		188822491CFCA94300F2D0A7 /* Base */ = {isa = PBXFileReference; lastKnownFileType = file.storyboard; name = Base; path = Base.lproj/LaunchScreen.storyboard; sourceTree = "<group>"; };
		1888224B1CFCA94300F2D0A7 /* Info.plist */ = {isa = PBXFileReference; lastKnownFileType = text.plist.xml; path = Info.plist; sourceTree = "<group>"; };
/* End PBXFileReference section */

/* Begin PBXFrameworksBuildPhase section */
		188822391CFCA94300F2D0A7 /* Frameworks */ = {
			isa = PBXFrameworksBuildPhase;
			buildActionMask = 2147483647;
			files = (
			);
			runOnlyForDeploymentPostprocessing = 0;
		};
/* End PBXFrameworksBuildPhase section */

/* Begin PBXGroup section */
		188822331CFCA94300F2D0A7 = {
			isa = PBXGroup;
			children = (
				1888223E1CFCA94300F2D0A7 /* finalProject */,
				1888223D1CFCA94300F2D0A7 /* Products */,
			);
			sourceTree = "<group>";
		};
		1888223D1CFCA94300F2D0A7 /* Products */ = {
			isa = PBXGroup;
			children = (
				1888223C1CFCA94300F2D0A7 /* finalProject.app */,
			);
			name = Products;
			sourceTree = "<group>";
		};
		1888223E1CFCA94300F2D0A7 /* finalProject */ = {
			isa = PBXGroup;
			children = (
				1888223F1CFCA94300F2D0A7 /* AppDelegate.swift */,
				188822411CFCA94300F2D0A7 /* ViewController.swift */,
				188822431CFCA94300F2D0A7 /* Main.storyboard */,
				188822461CFCA94300F2D0A7 /* Assets.xcassets */,
				188822481CFCA94300F2D0A7 /* LaunchScreen.storyboard */,
				1888224B1CFCA94300F2D0A7 /* Info.plist */,
			);
			path = finalProject;
			sourceTree = "<group>";
		};
/* End PBXGroup section */

/* Begin PBXNativeTarget section */
		1888223B1CFCA94300F2D0A7 /* finalProject */ = {
			isa = PBXNativeTarget;
			buildConfigurationList = 1888224E1CFCA94300F2D0A7 /* Build configuration list for PBXNativeTarget "finalProject" */;
			buildPhases = (
				188822381CFCA94300F2D0A7 /* Sources */,
				188822391CFCA94300F2D0A7 /* Frameworks */,
				1888223A1CFCA94300F2D0A7 /* Resources */,
			);
			buildRules = (
			);
			dependencies = (
			);
			name = finalProject;
			productName = finalProject;
			productReference = 1888223C1CFCA94300F2D0A7 /* finalProject.app */;
			productType = "com.apple.product-type.application";
		};
/* End PBXNativeTarget section */

/* Begin PBXProject section */
		188822341CFCA94300F2D0A7 /* Project object */ = {
			isa = PBXProject;
			attributes = {
				LastSwiftUpdateCheck = 0730;
				LastUpgradeCheck = 0730;
				ORGANIZATIONNAME = Sophie;
				TargetAttributes = {
					1888223B1CFCA94300F2D0A7 = {
						CreatedOnToolsVersion = 7.3.1;
						DevelopmentTeam = GAFP928J6V;
					};
				};
			};
			buildConfigurationList = 188822371CFCA94300F2D0A7 /* Build configuration list for PBXProject "finalProject" */;
			compatibilityVersion = "Xcode 3.2";
			developmentRegion = English;
			hasScannedForEncodings = 0;
			knownRegions = (
				en,
				Base,
			);
			mainGroup = 188822331CFCA94300F2D0A7;
			productRefGroup = 1888223D1CFCA94300F2D0A7 /* Products */;
			projectDirPath = "";
			projectRoot = "";
			targets = (
				1888223B1CFCA94300F2D0A7 /* finalProject */,
			);
		};
/* End PBXProject section */

/* Begin PBXResourcesBuildPhase section */
		1888223A1CFCA94300F2D0A7 /* Resources */ = {
			isa = PBXResourcesBuildPhase;
			buildActionMask = 2147483647;
			files = (
				1888224A1CFCA94300F2D0A7 /* LaunchScreen.storyboard in Resources */,
				188822471CFCA94300F2D0A7 /* Assets.xcassets in Resources */,
				188822451CFCA94300F2D0A7 /* Main.storyboard in Resources */,
			);
			runOnlyForDeploymentPostprocessing = 0;
		};
/* End PBXResourcesBuildPhase section */

/* Begin PBXSourcesBuildPhase section */
		188822381CFCA94300F2D0A7 /* Sources */ = {
			isa = PBXSourcesBuildPhase;
			buildActionMask = 2147483647;
			files = (
				188822421CFCA94300F2D0A7 /* ViewController.swift in Sources */,
				188822401CFCA94300F2D0A7 /* AppDelegate.swift in Sources */,
			);
			runOnlyForDeploymentPostprocessing = 0;
		};
/* End PBXSourcesBuildPhase section */

/* Begin PBXVariantGroup section */
		188822431CFCA94300F2D0A7 /* Main.storyboard */ = {
			isa = PBXVariantGroup;
			children = (
				188822441CFCA94300F2D0A7 /* Base */,
			);
			name = Main.storyboard;
			sourceTree = "<group>";
		};
		188822481CFCA94300F2D0A7 /* LaunchScreen.storyboard */ = {
			isa = PBXVariantGroup;
			children = (
				188822491CFCA94300F2D0A7 /* Base */,
			);
			name = LaunchScreen.storyboard;
			sourceTree = "<group>";
		};
/* End PBXVariantGroup section */

/* Begin XCBuildConfiguration section */
		1888224C1CFCA94300F2D0A7 /* Debug */ = {
			isa = XCBuildConfiguration;
			buildSettings = {
				ALWAYS_SEARCH_USER_PATHS = NO;
				CLANG_ANALYZER_NONNULL = YES;
				CLANG_CXX_LANGUAGE_STANDARD = "gnu++0x";
				CLANG_CXX_LIBRARY = "libc++";
				CLANG_ENABLE_MODULES = YES;
				CLANG_ENABLE_OBJC_ARC = YES;
				CLANG_WARN_BOOL_CONVERSION = YES;
				CLANG_WARN_CONSTANT_CONVERSION = YES;
				CLANG_WARN_DIRECT_OBJC_ISA_USAGE = YES_ERROR;
				CLANG_WARN_EMPTY_BODY = YES;
				CLANG_WARN_ENUM_CONVERSION = YES;
				CLANG_WARN_INT_CONVERSION = YES;
				CLANG_WARN_OBJC_ROOT_CLASS = YES_ERROR;
				CLANG_WARN_UNREACHABLE_CODE = YES;
				CLANG_WARN__DUPLICATE_METHOD_MATCH = YES;
				"CODE_SIGN_IDENTITY[sdk=iphoneos*]" = "iPhone Developer";
				COPY_PHASE_STRIP = NO;
				DEBUG_INFORMATION_FORMAT = dwarf;
				ENABLE_STRICT_OBJC_MSGSEND = YES;
				ENABLE_TESTABILITY = YES;
				GCC_C_LANGUAGE_STANDARD = gnu99;
				GCC_DYNAMIC_NO_PIC = NO;
				GCC_NO_COMMON_BLOCKS = YES;
				GCC_OPTIMIZATION_LEVEL = 0;
				GCC_PREPROCESSOR_DEFINITIONS = (
					"DEBUG=1",
					"$(inherited)",
				);
				GCC_WARN_64_TO_32_BIT_CONVERSION = YES;
				GCC_WARN_ABOUT_RETURN_TYPE = YES_ERROR;
				GCC_WARN_UNDECLARED_SELECTOR = YES;
				GCC_WARN_UNINITIALIZED_AUTOS = YES_AGGRESSIVE;
				GCC_WARN_UNUSED_FUNCTION = YES;
				GCC_WARN_UNUSED_VARIABLE = YES;
				IPHONEOS_DEPLOYMENT_TARGET = 9.3;
				MTL_ENABLE_DEBUG_INFO = YES;
				ONLY_ACTIVE_ARCH = YES;
				SDKROOT = iphoneos;
				SWIFT_OPTIMIZATION_LEVEL = "-Onone";
			};
			name = Debug;
		};
		1888224D1CFCA94300F2D0A7 /* Release */ = {
			isa = XCBuildConfiguration;
			buildSettings = {
				ALWAYS_SEARCH_USER_PATHS = NO;
				CLANG_ANALYZER_NONNULL = YES;
				CLANG_CXX_LANGUAGE_STANDARD = "gnu++0x";
				CLANG_CXX_LIBRARY = "libc++";
				CLANG_ENABLE_MODULES = YES;
				CLANG_ENABLE_OBJC_ARC = YES;
				CLANG_WARN_BOOL_CONVERSION = YES;
				CLANG_WARN_CONSTANT_CONVERSION = YES;
				CLANG_WARN_DIRECT_OBJC_ISA_USAGE = YES_ERROR;
				CLANG_WARN_EMPTY_BODY = YES;
				CLANG_WARN_ENUM_CONVERSION = YES;
				CLANG_WARN_INT_CONVERSION = YES;
				CLANG_WARN_OBJC_ROOT_CLASS = YES_ERROR;
				CLANG_WARN_UNREACHABLE_CODE = YES;
				CLANG_WARN__DUPLICATE_METHOD_MATCH = YES;
				"CODE_SIGN_IDENTITY[sdk=iphoneos*]" = "iPhone Developer";
				COPY_PHASE_STRIP = NO;
				DEBUG_INFORMATION_FORMAT = "dwarf-with-dsym";
				ENABLE_NS_ASSERTIONS = NO;
				ENABLE_STRICT_OBJC_MSGSEND = YES;
				GCC_C_LANGUAGE_STANDARD = gnu99;
				GCC_NO_COMMON_BLOCKS = YES;
				GCC_WARN_64_TO_32_BIT_CONVERSION = YES;
				GCC_WARN_ABOUT_RETURN_TYPE = YES_ERROR;
				GCC_WARN_UNDECLARED_SELECTOR = YES;
				GCC_WARN_UNINITIALIZED_AUTOS = YES_AGGRESSIVE;
				GCC_WARN_UNUSED_FUNCTION = YES;
				GCC_WARN_UNUSED_VARIABLE = YES;
				IPHONEOS_DEPLOYMENT_TARGET = 9.3;
				MTL_ENABLE_DEBUG_INFO = NO;
				SDKROOT = iphoneos;
				VALIDATE_PRODUCT = YES;
			};
			name = Release;
		};
		1888224F1CFCA94300F2D0A7 /* Debug */ = {
			isa = XCBuildConfiguration;
			buildSettings = {
				ASSETCATALOG_COMPILER_APPICON_NAME = AppIcon;
				INFOPLIST_FILE = finalProject/Info.plist;
				LD_RUNPATH_SEARCH_PATHS = "$(inherited) @executable_path/Frameworks";
				PRODUCT_BUNDLE_IDENTIFIER = uw.edu.finalProject;
				PRODUCT_NAME = "$(TARGET_NAME)";
			};
			name = Debug;
		};
		188822501CFCA94300F2D0A7 /* Release */ = {
			isa = XCBuildConfiguration;
			buildSettings = {
				ASSETCATALOG_COMPILER_APPICON_NAME = AppIcon;
				INFOPLIST_FILE = finalProject/Info.plist;
				LD_RUNPATH_SEARCH_PATHS = "$(inherited) @executable_path/Frameworks";
				PRODUCT_BUNDLE_IDENTIFIER = uw.edu.finalProject;
				PRODUCT_NAME = "$(TARGET_NAME)";
			};
			name = Release;
		};
/* End XCBuildConfiguration section */

/* Begin XCConfigurationList section */
		188822371CFCA94300F2D0A7 /* Build configuration list for PBXProject "finalProject" */ = {
			isa = XCConfigurationList;
			buildConfigurations = (
				1888224C1CFCA94300F2D0A7 /* Debug */,
				1888224D1CFCA94300F2D0A7 /* Release */,
			);
			defaultConfigurationIsVisible = 0;
			defaultConfigurationName = Release;
		};
		1888224E1CFCA94300F2D0A7 /* Build configuration list for PBXNativeTarget "finalProject" */ = {
			isa = XCConfigurationList;
			buildConfigurations = (
				1888224F1CFCA94300F2D0A7 /* Debug */,
				188822501CFCA94300F2D0A7 /* Release */,
			);
			defaultConfigurationIsVisible = 0;
		};
/* End XCConfigurationList section */
	};
	rootObject = 188822341CFCA94300F2D0A7 /* Project object */;
}
